// !$*UTF8*$!
{
	archiveVersion = 1;
	classes = {
	};
	objectVersion = 56;
	objects = {

/* Begin PBXBuildFile section */
		5E30CA76295D9F45000518CD /* AppDelegate.swift in Sources */ = {isa = PBXBuildFile; fileRef = 5E30CA75295D9F45000518CD /* AppDelegate.swift */; };
		5E30CA78295D9F45000518CD /* SceneDelegate.swift in Sources */ = {isa = PBXBuildFile; fileRef = 5E30CA77295D9F45000518CD /* SceneDelegate.swift */; };
		5E30CA7A295D9F45000518CD /* RMTabController.swift in Sources */ = {isa = PBXBuildFile; fileRef = 5E30CA79295D9F45000518CD /* RMTabController.swift */; };
		5E30CA7F295D9F46000518CD /* Assets.xcassets in Resources */ = {isa = PBXBuildFile; fileRef = 5E30CA7E295D9F46000518CD /* Assets.xcassets */; };
		5E30CA82295D9F46000518CD /* LaunchScreen.storyboard in Resources */ = {isa = PBXBuildFile; fileRef = 5E30CA80295D9F46000518CD /* LaunchScreen.storyboard */; };
		5E30CA91295DAACB000518CD /* RMLocation.swift in Sources */ = {isa = PBXBuildFile; fileRef = 5E30CA90295DAACB000518CD /* RMLocation.swift */; };
		5E30CA93295DAAE3000518CD /* RMCharacter.swift in Sources */ = {isa = PBXBuildFile; fileRef = 5E30CA92295DAAE3000518CD /* RMCharacter.swift */; };
		5E30CA95295DAAF3000518CD /* RMEpisod.swift in Sources */ = {isa = PBXBuildFile; fileRef = 5E30CA94295DAAF3000518CD /* RMEpisod.swift */; };
		5E30CA98295DABAA000518CD /* RMCharacterViewController.swift in Sources */ = {isa = PBXBuildFile; fileRef = 5E30CA97295DABAA000518CD /* RMCharacterViewController.swift */; };
		5E30CA9A295DABC5000518CD /* RMLocationViewController.swift in Sources */ = {isa = PBXBuildFile; fileRef = 5E30CA99295DABC5000518CD /* RMLocationViewController.swift */; };
		5E30CA9C295DABD8000518CD /* RMEpisodViewController.swift in Sources */ = {isa = PBXBuildFile; fileRef = 5E30CA9B295DABD8000518CD /* RMEpisodViewController.swift */; };
		5E30CA9E295DABE8000518CD /* RMSettingsViewController.swift in Sources */ = {isa = PBXBuildFile; fileRef = 5E30CA9D295DABE8000518CD /* RMSettingsViewController.swift */; };
		5E30CAA0295DBB64000518CD /* RMService.swift in Sources */ = {isa = PBXBuildFile; fileRef = 5E30CA9F295DBB64000518CD /* RMService.swift */; };
		5E30CAA2295DBB7B000518CD /* RMRequest.swift in Sources */ = {isa = PBXBuildFile; fileRef = 5E30CAA1295DBB7B000518CD /* RMRequest.swift */; };
		5E30CAA4295DBC00000518CD /* RMEndpoint.swift in Sources */ = {isa = PBXBuildFile; fileRef = 5E30CAA3295DBC00000518CD /* RMEndpoint.swift */; };
		5E30CAA6295DC286000518CD /* RMOrigin.swift in Sources */ = {isa = PBXBuildFile; fileRef = 5E30CAA5295DC286000518CD /* RMOrigin.swift */; };
		5E30CAA8295DC2F1000518CD /* RMSingleLocation.swift in Sources */ = {isa = PBXBuildFile; fileRef = 5E30CAA7295DC2F1000518CD /* RMSingleLocation.swift */; };
		5E30CAAA295DC3D9000518CD /* RMCharacterStatus.swift in Sources */ = {isa = PBXBuildFile; fileRef = 5E30CAA9295DC3D9000518CD /* RMCharacterStatus.swift */; };
		5E30CAAC295DC474000518CD /* RMCharacterGender.swift in Sources */ = {isa = PBXBuildFile; fileRef = 5E30CAAB295DC474000518CD /* RMCharacterGender.swift */; };
		5E30CAB0295DF13C000518CD /* RMGetCharactersResponse.swift in Sources */ = {isa = PBXBuildFile; fileRef = 5E30CAAF295DF13C000518CD /* RMGetCharactersResponse.swift */; };
		5E30CAB2295DF4A7000518CD /* CharacterListViewViewModel.swift in Sources */ = {isa = PBXBuildFile; fileRef = 5E30CAB1295DF4A7000518CD /* CharacterListViewViewModel.swift */; };
		5E30CAB4295DF51F000518CD /* CharactersListView.swift in Sources */ = {isa = PBXBuildFile; fileRef = 5E30CAB3295DF51F000518CD /* CharactersListView.swift */; };
		5E30CAB6295DF994000518CD /* Extensions.swift in Sources */ = {isa = PBXBuildFile; fileRef = 5E30CAB5295DF994000518CD /* Extensions.swift */; };
		5E30CAB8295E077E000518CD /* RMCharacterListViewCollectionViewCell.swift in Sources */ = {isa = PBXBuildFile; fileRef = 5E30CAB7295E077E000518CD /* RMCharacterListViewCollectionViewCell.swift */; };
		5E30CABA295E08BC000518CD /* RMCharacterListViewCollectionViewCellViewModel.swift in Sources */ = {isa = PBXBuildFile; fileRef = 5E30CAB9295E08BC000518CD /* RMCharacterListViewCollectionViewCellViewModel.swift */; };
		5E30CABD29617400000518CD /* RMCharacterDetailViewController.swift in Sources */ = {isa = PBXBuildFile; fileRef = 5E30CABC29617400000518CD /* RMCharacterDetailViewController.swift */; };
		5E30CABF296174A9000518CD /* RMCharacterDetailView.swift in Sources */ = {isa = PBXBuildFile; fileRef = 5E30CABE296174A9000518CD /* RMCharacterDetailView.swift */; };
		5E30CAC1296174DF000518CD /* RMCharacterDetailViewViewModel.swift in Sources */ = {isa = PBXBuildFile; fileRef = 5E30CAC0296174DF000518CD /* RMCharacterDetailViewViewModel.swift */; };
		5E30CAC32961D99E000518CD /* RMFooterLoadingCollectionReusableView.swift in Sources */ = {isa = PBXBuildFile; fileRef = 5E30CAC22961D99E000518CD /* RMFooterLoadingCollectionReusableView.swift */; };
		5E35EF3F29648FEE002BA531 /* RMImageLoader.swift in Sources */ = {isa = PBXBuildFile; fileRef = 5E35EF3E29648FEE002BA531 /* RMImageLoader.swift */; };
/* End PBXBuildFile section */

/* Begin PBXFileReference section */
		5E30CA72295D9F45000518CD /* RickAndMorty.app */ = {isa = PBXFileReference; explicitFileType = wrapper.application; includeInIndex = 0; path = RickAndMorty.app; sourceTree = BUILT_PRODUCTS_DIR; };
		5E30CA75295D9F45000518CD /* AppDelegate.swift */ = {isa = PBXFileReference; lastKnownFileType = sourcecode.swift; path = AppDelegate.swift; sourceTree = "<group>"; };
		5E30CA77295D9F45000518CD /* SceneDelegate.swift */ = {isa = PBXFileReference; lastKnownFileType = sourcecode.swift; path = SceneDelegate.swift; sourceTree = "<group>"; };
		5E30CA79295D9F45000518CD /* RMTabController.swift */ = {isa = PBXFileReference; lastKnownFileType = sourcecode.swift; path = RMTabController.swift; sourceTree = "<group>"; };
		5E30CA7E295D9F46000518CD /* Assets.xcassets */ = {isa = PBXFileReference; lastKnownFileType = folder.assetcatalog; path = Assets.xcassets; sourceTree = "<group>"; };
		5E30CA81295D9F46000518CD /* Base */ = {isa = PBXFileReference; lastKnownFileType = file.storyboard; name = Base; path = Base.lproj/LaunchScreen.storyboard; sourceTree = "<group>"; };
		5E30CA83295D9F46000518CD /* Info.plist */ = {isa = PBXFileReference; lastKnownFileType = text.plist.xml; path = Info.plist; sourceTree = "<group>"; };
		5E30CA90295DAACB000518CD /* RMLocation.swift */ = {isa = PBXFileReference; lastKnownFileType = sourcecode.swift; path = RMLocation.swift; sourceTree = "<group>"; };
		5E30CA92295DAAE3000518CD /* RMCharacter.swift */ = {isa = PBXFileReference; lastKnownFileType = sourcecode.swift; path = RMCharacter.swift; sourceTree = "<group>"; };
		5E30CA94295DAAF3000518CD /* RMEpisod.swift */ = {isa = PBXFileReference; lastKnownFileType = sourcecode.swift; path = RMEpisod.swift; sourceTree = "<group>"; };
		5E30CA97295DABAA000518CD /* RMCharacterViewController.swift */ = {isa = PBXFileReference; lastKnownFileType = sourcecode.swift; path = RMCharacterViewController.swift; sourceTree = "<group>"; };
		5E30CA99295DABC5000518CD /* RMLocationViewController.swift */ = {isa = PBXFileReference; lastKnownFileType = sourcecode.swift; path = RMLocationViewController.swift; sourceTree = "<group>"; };
		5E30CA9B295DABD8000518CD /* RMEpisodViewController.swift */ = {isa = PBXFileReference; lastKnownFileType = sourcecode.swift; path = RMEpisodViewController.swift; sourceTree = "<group>"; };
		5E30CA9D295DABE8000518CD /* RMSettingsViewController.swift */ = {isa = PBXFileReference; lastKnownFileType = sourcecode.swift; path = RMSettingsViewController.swift; sourceTree = "<group>"; };
		5E30CA9F295DBB64000518CD /* RMService.swift */ = {isa = PBXFileReference; lastKnownFileType = sourcecode.swift; path = RMService.swift; sourceTree = "<group>"; };
		5E30CAA1295DBB7B000518CD /* RMRequest.swift */ = {isa = PBXFileReference; lastKnownFileType = sourcecode.swift; path = RMRequest.swift; sourceTree = "<group>"; };
		5E30CAA3295DBC00000518CD /* RMEndpoint.swift */ = {isa = PBXFileReference; lastKnownFileType = sourcecode.swift; path = RMEndpoint.swift; sourceTree = "<group>"; };
		5E30CAA5295DC286000518CD /* RMOrigin.swift */ = {isa = PBXFileReference; lastKnownFileType = sourcecode.swift; path = RMOrigin.swift; sourceTree = "<group>"; };
		5E30CAA7295DC2F1000518CD /* RMSingleLocation.swift */ = {isa = PBXFileReference; lastKnownFileType = sourcecode.swift; path = RMSingleLocation.swift; sourceTree = "<group>"; };
		5E30CAA9295DC3D9000518CD /* RMCharacterStatus.swift */ = {isa = PBXFileReference; lastKnownFileType = sourcecode.swift; path = RMCharacterStatus.swift; sourceTree = "<group>"; };
		5E30CAAB295DC474000518CD /* RMCharacterGender.swift */ = {isa = PBXFileReference; lastKnownFileType = sourcecode.swift; path = RMCharacterGender.swift; sourceTree = "<group>"; };
		5E30CAAF295DF13C000518CD /* RMGetCharactersResponse.swift */ = {isa = PBXFileReference; lastKnownFileType = sourcecode.swift; path = RMGetCharactersResponse.swift; sourceTree = "<group>"; };
		5E30CAB1295DF4A7000518CD /* CharacterListViewViewModel.swift */ = {isa = PBXFileReference; lastKnownFileType = sourcecode.swift; path = CharacterListViewViewModel.swift; sourceTree = "<group>"; };
		5E30CAB3295DF51F000518CD /* CharactersListView.swift */ = {isa = PBXFileReference; lastKnownFileType = sourcecode.swift; path = CharactersListView.swift; sourceTree = "<group>"; };
		5E30CAB5295DF994000518CD /* Extensions.swift */ = {isa = PBXFileReference; lastKnownFileType = sourcecode.swift; path = Extensions.swift; sourceTree = "<group>"; };
		5E30CAB7295E077E000518CD /* RMCharacterListViewCollectionViewCell.swift */ = {isa = PBXFileReference; lastKnownFileType = sourcecode.swift; path = RMCharacterListViewCollectionViewCell.swift; sourceTree = "<group>"; };
		5E30CAB9295E08BC000518CD /* RMCharacterListViewCollectionViewCellViewModel.swift */ = {isa = PBXFileReference; lastKnownFileType = sourcecode.swift; path = RMCharacterListViewCollectionViewCellViewModel.swift; sourceTree = "<group>"; };
		5E30CABC29617400000518CD /* RMCharacterDetailViewController.swift */ = {isa = PBXFileReference; lastKnownFileType = sourcecode.swift; path = RMCharacterDetailViewController.swift; sourceTree = "<group>"; };
		5E30CABE296174A9000518CD /* RMCharacterDetailView.swift */ = {isa = PBXFileReference; lastKnownFileType = sourcecode.swift; path = RMCharacterDetailView.swift; sourceTree = "<group>"; };
		5E30CAC0296174DF000518CD /* RMCharacterDetailViewViewModel.swift */ = {isa = PBXFileReference; lastKnownFileType = sourcecode.swift; path = RMCharacterDetailViewViewModel.swift; sourceTree = "<group>"; };
		5E30CAC22961D99E000518CD /* RMFooterLoadingCollectionReusableView.swift */ = {isa = PBXFileReference; lastKnownFileType = sourcecode.swift; path = RMFooterLoadingCollectionReusableView.swift; sourceTree = "<group>"; };
		5E35EF3E29648FEE002BA531 /* RMImageLoader.swift */ = {isa = PBXFileReference; lastKnownFileType = sourcecode.swift; path = RMImageLoader.swift; sourceTree = "<group>"; };
/* End PBXFileReference section */

/* Begin PBXFrameworksBuildPhase section */
		5E30CA6F295D9F45000518CD /* Frameworks */ = {
			isa = PBXFrameworksBuildPhase;
			buildActionMask = 2147483647;
			files = (
			);
			runOnlyForDeploymentPostprocessing = 0;
		};
/* End PBXFrameworksBuildPhase section */

/* Begin PBXGroup section */
		5E30CA69295D9F45000518CD = {
			isa = PBXGroup;
			children = (
				5E30CA74295D9F45000518CD /* RickAndMorty */,
				5E30CA73295D9F45000518CD /* Products */,
			);
			sourceTree = "<group>";
		};
		5E30CA73295D9F45000518CD /* Products */ = {
			isa = PBXGroup;
			children = (
				5E30CA72295D9F45000518CD /* RickAndMorty.app */,
			);
			name = Products;
			sourceTree = "<group>";
		};
		5E30CA74295D9F45000518CD /* RickAndMorty */ = {
			isa = PBXGroup;
			children = (
				5E30CA8F295DAA05000518CD /* APIClient */,
				5E30CA8E295DA9F4000518CD /* Resources */,
				5E30CA8D295DA9D3000518CD /* Managers */,
				5E30CA8C295DA9C8000518CD /* ViewModels */,
				5E30CA8B295DA9BB000518CD /* Controllers */,
				5E30CA8A295DA998000518CD /* Views */,
				5E30CA89295DA990000518CD /* Models */,
				5E30CA83295D9F46000518CD /* Info.plist */,
			);
			path = RickAndMorty;
			sourceTree = "<group>";
		};
		5E30CA89295DA990000518CD /* Models */ = {
			isa = PBXGroup;
			children = (
				5E30CAAE295DF0F6000518CD /* APIResponseTypes */,
				5E30CAAD295DF0DC000518CD /* DataTypes */,
			);
			path = Models;
			sourceTree = "<group>";
		};
		5E30CA8A295DA998000518CD /* Views */ = {
			isa = PBXGroup;
			children = (
				5E30CAB3295DF51F000518CD /* CharactersListView.swift */,
				5E30CAB7295E077E000518CD /* RMCharacterListViewCollectionViewCell.swift */,
				5E30CABE296174A9000518CD /* RMCharacterDetailView.swift */,
				5E30CAC22961D99E000518CD /* RMFooterLoadingCollectionReusableView.swift */,
			);
			path = Views;
			sourceTree = "<group>";
		};
		5E30CA8B295DA9BB000518CD /* Controllers */ = {
			isa = PBXGroup;
			children = (
				5E30CABB296173CE000518CD /* Others */,
				5E30CA96295DAB79000518CD /* Core */,
			);
			path = Controllers;
			sourceTree = "<group>";
		};
		5E30CA8C295DA9C8000518CD /* ViewModels */ = {
			isa = PBXGroup;
			children = (
				5E30CAB1295DF4A7000518CD /* CharacterListViewViewModel.swift */,
				5E30CAB9295E08BC000518CD /* RMCharacterListViewCollectionViewCellViewModel.swift */,
				5E30CAC0296174DF000518CD /* RMCharacterDetailViewViewModel.swift */,
			);
			path = ViewModels;
			sourceTree = "<group>";
		};
		5E30CA8D295DA9D3000518CD /* Managers */ = {
			isa = PBXGroup;
			children = (
				5E35EF3E29648FEE002BA531 /* RMImageLoader.swift */,
			);
			path = Managers;
			sourceTree = "<group>";
		};
		5E30CA8E295DA9F4000518CD /* Resources */ = {
			isa = PBXGroup;
			children = (
				5E30CA7E295D9F46000518CD /* Assets.xcassets */,
				5E30CA80295D9F46000518CD /* LaunchScreen.storyboard */,
				5E30CA75295D9F45000518CD /* AppDelegate.swift */,
				5E30CA77295D9F45000518CD /* SceneDelegate.swift */,
				5E30CAB5295DF994000518CD /* Extensions.swift */,
			);
			path = Resources;
			sourceTree = "<group>";
		};
		5E30CA8F295DAA05000518CD /* APIClient */ = {
			isa = PBXGroup;
			children = (
				5E30CA9F295DBB64000518CD /* RMService.swift */,
				5E30CAA1295DBB7B000518CD /* RMRequest.swift */,
				5E30CAA3295DBC00000518CD /* RMEndpoint.swift */,
			);
			path = APIClient;
			sourceTree = "<group>";
		};
		5E30CA96295DAB79000518CD /* Core */ = {
			isa = PBXGroup;
			children = (
				5E30CA79295D9F45000518CD /* RMTabController.swift */,
				5E30CA97295DABAA000518CD /* RMCharacterViewController.swift */,
				5E30CA99295DABC5000518CD /* RMLocationViewController.swift */,
				5E30CA9B295DABD8000518CD /* RMEpisodViewController.swift */,
				5E30CA9D295DABE8000518CD /* RMSettingsViewController.swift */,
			);
			path = Core;
			sourceTree = "<group>";
		};
		5E30CAAD295DF0DC000518CD /* DataTypes */ = {
			isa = PBXGroup;
			children = (
				5E30CA90295DAACB000518CD /* RMLocation.swift */,
				5E30CA92295DAAE3000518CD /* RMCharacter.swift */,
				5E30CAA5295DC286000518CD /* RMOrigin.swift */,
				5E30CA94295DAAF3000518CD /* RMEpisod.swift */,
				5E30CAA7295DC2F1000518CD /* RMSingleLocation.swift */,
				5E30CAA9295DC3D9000518CD /* RMCharacterStatus.swift */,
				5E30CAAB295DC474000518CD /* RMCharacterGender.swift */,
			);
			path = DataTypes;
			sourceTree = "<group>";
		};
		5E30CAAE295DF0F6000518CD /* APIResponseTypes */ = {
			isa = PBXGroup;
			children = (
				5E30CAAF295DF13C000518CD /* RMGetCharactersResponse.swift */,
			);
			name = APIResponseTypes;
			sourceTree = "<group>";
		};
		5E30CABB296173CE000518CD /* Others */ = {
			isa = PBXGroup;
			children = (
				5E30CABC29617400000518CD /* RMCharacterDetailViewController.swift */,
			);
			path = Others;
			sourceTree = "<group>";
		};
/* End PBXGroup section */

/* Begin PBXNativeTarget section */
		5E30CA71295D9F45000518CD /* RickAndMorty */ = {
			isa = PBXNativeTarget;
			buildConfigurationList = 5E30CA86295D9F46000518CD /* Build configuration list for PBXNativeTarget "RickAndMorty" */;
			buildPhases = (
				5E30CA6E295D9F45000518CD /* Sources */,
				5E30CA6F295D9F45000518CD /* Frameworks */,
				5E30CA70295D9F45000518CD /* Resources */,
			);
			buildRules = (
			);
			dependencies = (
			);
			name = RickAndMorty;
			productName = RickAndMorty;
			productReference = 5E30CA72295D9F45000518CD /* RickAndMorty.app */;
			productType = "com.apple.product-type.application";
		};
/* End PBXNativeTarget section */

/* Begin PBXProject section */
		5E30CA6A295D9F45000518CD /* Project object */ = {
			isa = PBXProject;
			attributes = {
				BuildIndependentTargetsInParallel = 1;
				LastSwiftUpdateCheck = 1420;
				LastUpgradeCheck = 1420;
				TargetAttributes = {
					5E30CA71295D9F45000518CD = {
						CreatedOnToolsVersion = 14.2;
					};
				};
			};
			buildConfigurationList = 5E30CA6D295D9F45000518CD /* Build configuration list for PBXProject "RickAndMorty" */;
			compatibilityVersion = "Xcode 14.0";
			developmentRegion = en;
			hasScannedForEncodings = 0;
			knownRegions = (
				en,
				Base,
			);
			mainGroup = 5E30CA69295D9F45000518CD;
			productRefGroup = 5E30CA73295D9F45000518CD /* Products */;
			projectDirPath = "";
			projectRoot = "";
			targets = (
				5E30CA71295D9F45000518CD /* RickAndMorty */,
			);
		};
/* End PBXProject section */

/* Begin PBXResourcesBuildPhase section */
		5E30CA70295D9F45000518CD /* Resources */ = {
			isa = PBXResourcesBuildPhase;
			buildActionMask = 2147483647;
			files = (
				5E30CA82295D9F46000518CD /* LaunchScreen.storyboard in Resources */,
				5E30CA7F295D9F46000518CD /* Assets.xcassets in Resources */,
			);
			runOnlyForDeploymentPostprocessing = 0;
		};
/* End PBXResourcesBuildPhase section */

/* Begin PBXSourcesBuildPhase section */
		5E30CA6E295D9F45000518CD /* Sources */ = {
			isa = PBXSourcesBuildPhase;
			buildActionMask = 2147483647;
			files = (
				5E30CAB0295DF13C000518CD /* RMGetCharactersResponse.swift in Sources */,
				5E30CAC1296174DF000518CD /* RMCharacterDetailViewViewModel.swift in Sources */,
				5E30CAA6295DC286000518CD /* RMOrigin.swift in Sources */,
				5E30CAA8295DC2F1000518CD /* RMSingleLocation.swift in Sources */,
				5E30CAAA295DC3D9000518CD /* RMCharacterStatus.swift in Sources */,
				5E30CAAC295DC474000518CD /* RMCharacterGender.swift in Sources */,
				5E30CA9A295DABC5000518CD /* RMLocationViewController.swift in Sources */,
				5E30CABD29617400000518CD /* RMCharacterDetailViewController.swift in Sources */,
				5E30CAC32961D99E000518CD /* RMFooterLoadingCollectionReusableView.swift in Sources */,
				5E30CAB4295DF51F000518CD /* CharactersListView.swift in Sources */,
				5E30CA7A295D9F45000518CD /* RMTabController.swift in Sources */,
				5E30CA76295D9F45000518CD /* AppDelegate.swift in Sources */,
				5E30CA78295D9F45000518CD /* SceneDelegate.swift in Sources */,
				5E30CAB8295E077E000518CD /* RMCharacterListViewCollectionViewCell.swift in Sources */,
				5E35EF3F29648FEE002BA531 /* RMImageLoader.swift in Sources */,
				5E30CA91295DAACB000518CD /* RMLocation.swift in Sources */,
				5E30CABA295E08BC000518CD /* RMCharacterListViewCollectionViewCellViewModel.swift in Sources */,
				5E30CA9C295DABD8000518CD /* RMEpisodViewController.swift in Sources */,
				5E30CA9E295DABE8000518CD /* RMSettingsViewController.swift in Sources */,
				5E30CAB6295DF994000518CD /* Extensions.swift in Sources */,
				5E30CAA0295DBB64000518CD /* RMService.swift in Sources */,
				5E30CA95295DAAF3000518CD /* RMEpisod.swift in Sources */,
				5E30CAA4295DBC00000518CD /* RMEndpoint.swift in Sources */,
				5E30CA93295DAAE3000518CD /* RMCharacter.swift in Sources */,
				5E30CAA2295DBB7B000518CD /* RMRequest.swift in Sources */,
				5E30CAB2295DF4A7000518CD /* CharacterListViewViewModel.swift in Sources */,
				5E30CA98295DABAA000518CD /* RMCharacterViewController.swift in Sources */,
				5E30CABF296174A9000518CD /* RMCharacterDetailView.swift in Sources */,
			);
			runOnlyForDeploymentPostprocessing = 0;
		};
/* End PBXSourcesBuildPhase section */

/* Begin PBXVariantGroup section */
		5E30CA80295D9F46000518CD /* LaunchScreen.storyboard */ = {
			isa = PBXVariantGroup;
			children = (
				5E30CA81295D9F46000518CD /* Base */,
			);
			name = LaunchScreen.storyboard;
			sourceTree = "<group>";
		};
/* End PBXVariantGroup section */

/* Begin XCBuildConfiguration section */
		5E30CA84295D9F46000518CD /* Debug */ = {
			isa = XCBuildConfiguration;
			buildSettings = {
				ALWAYS_SEARCH_USER_PATHS = NO;
				CLANG_ANALYZER_NONNULL = YES;
				CLANG_ANALYZER_NUMBER_OBJECT_CONVERSION = YES_AGGRESSIVE;
				CLANG_CXX_LANGUAGE_STANDARD = "gnu++20";
				CLANG_ENABLE_MODULES = YES;
				CLANG_ENABLE_OBJC_ARC = YES;
				CLANG_ENABLE_OBJC_WEAK = YES;
				CLANG_WARN_BLOCK_CAPTURE_AUTORELEASING = YES;
				CLANG_WARN_BOOL_CONVERSION = YES;
				CLANG_WARN_COMMA = YES;
				CLANG_WARN_CONSTANT_CONVERSION = YES;
				CLANG_WARN_DEPRECATED_OBJC_IMPLEMENTATIONS = YES;
				CLANG_WARN_DIRECT_OBJC_ISA_USAGE = YES_ERROR;
				CLANG_WARN_DOCUMENTATION_COMMENTS = YES;
				CLANG_WARN_EMPTY_BODY = YES;
				CLANG_WARN_ENUM_CONVERSION = YES;
				CLANG_WARN_INFINITE_RECURSION = YES;
				CLANG_WARN_INT_CONVERSION = YES;
				CLANG_WARN_NON_LITERAL_NULL_CONVERSION = YES;
				CLANG_WARN_OBJC_IMPLICIT_RETAIN_SELF = YES;
				CLANG_WARN_OBJC_LITERAL_CONVERSION = YES;
				CLANG_WARN_OBJC_ROOT_CLASS = YES_ERROR;
				CLANG_WARN_QUOTED_INCLUDE_IN_FRAMEWORK_HEADER = YES;
				CLANG_WARN_RANGE_LOOP_ANALYSIS = YES;
				CLANG_WARN_STRICT_PROTOTYPES = YES;
				CLANG_WARN_SUSPICIOUS_MOVE = YES;
				CLANG_WARN_UNGUARDED_AVAILABILITY = YES_AGGRESSIVE;
				CLANG_WARN_UNREACHABLE_CODE = YES;
				CLANG_WARN__DUPLICATE_METHOD_MATCH = YES;
				COPY_PHASE_STRIP = NO;
				DEBUG_INFORMATION_FORMAT = dwarf;
				ENABLE_STRICT_OBJC_MSGSEND = YES;
				ENABLE_TESTABILITY = YES;
				GCC_C_LANGUAGE_STANDARD = gnu11;
				GCC_DYNAMIC_NO_PIC = NO;
				GCC_NO_COMMON_BLOCKS = YES;
				GCC_OPTIMIZATION_LEVEL = 0;
				GCC_PREPROCESSOR_DEFINITIONS = (
					"DEBUG=1",
					"$(inherited)",
				);
				GCC_WARN_64_TO_32_BIT_CONVERSION = YES;
				GCC_WARN_ABOUT_RETURN_TYPE = YES_ERROR;
				GCC_WARN_UNDECLARED_SELECTOR = YES;
				GCC_WARN_UNINITIALIZED_AUTOS = YES_AGGRESSIVE;
				GCC_WARN_UNUSED_FUNCTION = YES;
				GCC_WARN_UNUSED_VARIABLE = YES;
				IPHONEOS_DEPLOYMENT_TARGET = 16.2;
				MTL_ENABLE_DEBUG_INFO = INCLUDE_SOURCE;
				MTL_FAST_MATH = YES;
				ONLY_ACTIVE_ARCH = YES;
				SDKROOT = iphoneos;
				SWIFT_ACTIVE_COMPILATION_CONDITIONS = DEBUG;
				SWIFT_OPTIMIZATION_LEVEL = "-Onone";
			};
			name = Debug;
		};
		5E30CA85295D9F46000518CD /* Release */ = {
			isa = XCBuildConfiguration;
			buildSettings = {
				ALWAYS_SEARCH_USER_PATHS = NO;
				CLANG_ANALYZER_NONNULL = YES;
				CLANG_ANALYZER_NUMBER_OBJECT_CONVERSION = YES_AGGRESSIVE;
				CLANG_CXX_LANGUAGE_STANDARD = "gnu++20";
				CLANG_ENABLE_MODULES = YES;
				CLANG_ENABLE_OBJC_ARC = YES;
				CLANG_ENABLE_OBJC_WEAK = YES;
				CLANG_WARN_BLOCK_CAPTURE_AUTORELEASING = YES;
				CLANG_WARN_BOOL_CONVERSION = YES;
				CLANG_WARN_COMMA = YES;
				CLANG_WARN_CONSTANT_CONVERSION = YES;
				CLANG_WARN_DEPRECATED_OBJC_IMPLEMENTATIONS = YES;
				CLANG_WARN_DIRECT_OBJC_ISA_USAGE = YES_ERROR;
				CLANG_WARN_DOCUMENTATION_COMMENTS = YES;
				CLANG_WARN_EMPTY_BODY = YES;
				CLANG_WARN_ENUM_CONVERSION = YES;
				CLANG_WARN_INFINITE_RECURSION = YES;
				CLANG_WARN_INT_CONVERSION = YES;
				CLANG_WARN_NON_LITERAL_NULL_CONVERSION = YES;
				CLANG_WARN_OBJC_IMPLICIT_RETAIN_SELF = YES;
				CLANG_WARN_OBJC_LITERAL_CONVERSION = YES;
				CLANG_WARN_OBJC_ROOT_CLASS = YES_ERROR;
				CLANG_WARN_QUOTED_INCLUDE_IN_FRAMEWORK_HEADER = YES;
				CLANG_WARN_RANGE_LOOP_ANALYSIS = YES;
				CLANG_WARN_STRICT_PROTOTYPES = YES;
				CLANG_WARN_SUSPICIOUS_MOVE = YES;
				CLANG_WARN_UNGUARDED_AVAILABILITY = YES_AGGRESSIVE;
				CLANG_WARN_UNREACHABLE_CODE = YES;
				CLANG_WARN__DUPLICATE_METHOD_MATCH = YES;
				COPY_PHASE_STRIP = NO;
				DEBUG_INFORMATION_FORMAT = "dwarf-with-dsym";
				ENABLE_NS_ASSERTIONS = NO;
				ENABLE_STRICT_OBJC_MSGSEND = YES;
				GCC_C_LANGUAGE_STANDARD = gnu11;
				GCC_NO_COMMON_BLOCKS = YES;
				GCC_WARN_64_TO_32_BIT_CONVERSION = YES;
				GCC_WARN_ABOUT_RETURN_TYPE = YES_ERROR;
				GCC_WARN_UNDECLARED_SELECTOR = YES;
				GCC_WARN_UNINITIALIZED_AUTOS = YES_AGGRESSIVE;
				GCC_WARN_UNUSED_FUNCTION = YES;
				GCC_WARN_UNUSED_VARIABLE = YES;
				IPHONEOS_DEPLOYMENT_TARGET = 16.2;
				MTL_ENABLE_DEBUG_INFO = NO;
				MTL_FAST_MATH = YES;
				SDKROOT = iphoneos;
				SWIFT_COMPILATION_MODE = wholemodule;
				SWIFT_OPTIMIZATION_LEVEL = "-O";
				VALIDATE_PRODUCT = YES;
			};
			name = Release;
		};
		5E30CA87295D9F46000518CD /* Debug */ = {
			isa = XCBuildConfiguration;
			buildSettings = {
				ASSETCATALOG_COMPILER_APPICON_NAME = AppIcon;
				ASSETCATALOG_COMPILER_GLOBAL_ACCENT_COLOR_NAME = AccentColor;
				CODE_SIGN_STYLE = Automatic;
				CURRENT_PROJECT_VERSION = 1;
				DEVELOPMENT_TEAM = L8W86DZDY2;
				GENERATE_INFOPLIST_FILE = YES;
				INFOPLIST_FILE = RickAndMorty/Info.plist;
				INFOPLIST_KEY_UIApplicationSupportsIndirectInputEvents = YES;
				INFOPLIST_KEY_UILaunchStoryboardName = LaunchScreen;
				INFOPLIST_KEY_UISupportedInterfaceOrientations_iPad = "UIInterfaceOrientationPortrait UIInterfaceOrientationPortraitUpsideDown UIInterfaceOrientationLandscapeLeft UIInterfaceOrientationLandscapeRight";
				INFOPLIST_KEY_UISupportedInterfaceOrientations_iPhone = "UIInterfaceOrientationPortrait UIInterfaceOrientationLandscapeLeft UIInterfaceOrientationLandscapeRight";
				LD_RUNPATH_SEARCH_PATHS = (
					"$(inherited)",
					"@executable_path/Frameworks",
				);
				MARKETING_VERSION = 1.0;
				PRODUCT_BUNDLE_IDENTIFIER = com.ri.RickAndMorty;
				PRODUCT_NAME = "$(TARGET_NAME)";
				SWIFT_EMIT_LOC_STRINGS = YES;
				SWIFT_VERSION = 5.0;
				TARGETED_DEVICE_FAMILY = "1,2";
			};
			name = Debug;
		};
		5E30CA88295D9F46000518CD /* Release */ = {
			isa = XCBuildConfiguration;
			buildSettings = {
				ASSETCATALOG_COMPILER_APPICON_NAME = AppIcon;
				ASSETCATALOG_COMPILER_GLOBAL_ACCENT_COLOR_NAME = AccentColor;
				CODE_SIGN_STYLE = Automatic;
				CURRENT_PROJECT_VERSION = 1;
				DEVELOPMENT_TEAM = L8W86DZDY2;
				GENERATE_INFOPLIST_FILE = YES;
				INFOPLIST_FILE = RickAndMorty/Info.plist;
				INFOPLIST_KEY_UIApplicationSupportsIndirectInputEvents = YES;
				INFOPLIST_KEY_UILaunchStoryboardName = LaunchScreen;
				INFOPLIST_KEY_UISupportedInterfaceOrientations_iPad = "UIInterfaceOrientationPortrait UIInterfaceOrientationPortraitUpsideDown UIInterfaceOrientationLandscapeLeft UIInterfaceOrientationLandscapeRight";
				INFOPLIST_KEY_UISupportedInterfaceOrientations_iPhone = "UIInterfaceOrientationPortrait UIInterfaceOrientationLandscapeLeft UIInterfaceOrientationLandscapeRight";
				LD_RUNPATH_SEARCH_PATHS = (
					"$(inherited)",
					"@executable_path/Frameworks",
				);
				MARKETING_VERSION = 1.0;
				PRODUCT_BUNDLE_IDENTIFIER = com.ri.RickAndMorty;
				PRODUCT_NAME = "$(TARGET_NAME)";
				SWIFT_EMIT_LOC_STRINGS = YES;
				SWIFT_VERSION = 5.0;
				TARGETED_DEVICE_FAMILY = "1,2";
			};
			name = Release;
		};
/* End XCBuildConfiguration section */

/* Begin XCConfigurationList section */
		5E30CA6D295D9F45000518CD /* Build configuration list for PBXProject "RickAndMorty" */ = {
			isa = XCConfigurationList;
			buildConfigurations = (
				5E30CA84295D9F46000518CD /* Debug */,
				5E30CA85295D9F46000518CD /* Release */,
			);
			defaultConfigurationIsVisible = 0;
			defaultConfigurationName = Release;
		};
		5E30CA86295D9F46000518CD /* Build configuration list for PBXNativeTarget "RickAndMorty" */ = {
			isa = XCConfigurationList;
			buildConfigurations = (
				5E30CA87295D9F46000518CD /* Debug */,
				5E30CA88295D9F46000518CD /* Release */,
			);
			defaultConfigurationIsVisible = 0;
			defaultConfigurationName = Release;
		};
/* End XCConfigurationList section */
	};
	rootObject = 5E30CA6A295D9F45000518CD /* Project object */;
}
